
Microsoft Visual Studio Solution File, Format Version 12.00
# Visual Studio Version 16
VisualStudioVersion = 16.0.32428.217
MinimumVisualStudioVersion = 10.0.40219.1
Project("{FAE04EC0-301F-11D3-BF4B-00C04F79EFBC}") = "Ejercicio6.Android", "Ejercicio6.Android\Ejercicio6.Android.csproj", "{4136BFD0-54DC-4CF3-A2D4-DE8703F1513F}"
EndProject
Project("{FAE04EC0-301F-11D3-BF4B-00C04F79EFBC}") = "Ejercicio6", "Ejercicio6\Ejercicio6.csproj", "{F7F7EEB1-FEF5-455D-97F3-F1BF4655E6D0}"
EndProject
Global
	GlobalSection(SolutionConfigurationPlatforms) = preSolution
		Debug|Any CPU = Debug|Any CPU
		Release|Any CPU = Release|Any CPU
	EndGlobalSection
	GlobalSection(ProjectConfigurationPlatforms) = postSolution
		{4136BFD0-54DC-4CF3-A2D4-DE8703F1513F}.Debug|Any CPU.ActiveCfg = Debug|Any CPU
		{4136BFD0-54DC-4CF3-A2D4-DE8703F1513F}.Debug|Any CPU.Build.0 = Debug|Any CPU
		{4136BFD0-54DC-4CF3-A2D4-DE8703F1513F}.Debug|Any CPU.Deploy.0 = Debug|Any CPU
		{4136BFD0-54DC-4CF3-A2D4-DE8703F1513F}.Release|Any CPU.ActiveCfg = Release|Any CPU
		{4136BFD0-54DC-4CF3-A2D4-DE8703F1513F}.Release|Any CPU.Build.0 = Release|Any CPU
		{4136BFD0-54DC-4CF3-A2D4-DE8703F1513F}.Release|Any CPU.Deploy.0 = Release|Any CPU
		{F7F7EEB1-FEF5-455D-97F3-F1BF4655E6D0}.Debug|Any CPU.ActiveCfg = Debug|Any CPU
		{F7F7EEB1-FEF5-455D-97F3-F1BF4655E6D0}.Debug|Any CPU.Build.0 = Debug|Any CPU
		{F7F7EEB1-FEF5-455D-97F3-F1BF4655E6D0}.Debug|Any CPU.Deploy.0 = Debug|Any CPU
		{F7F7EEB1-FEF5-455D-97F3-F1BF4655E6D0}.Release|Any CPU.ActiveCfg = Release|Any CPU
		{F7F7EEB1-FEF5-455D-97F3-F1BF4655E6D0}.Release|Any CPU.Build.0 = Release|Any CPU
		{F7F7EEB1-FEF5-455D-97F3-F1BF4655E6D0}.Release|Any CPU.Deploy.0 = Release|Any CPU
	EndGlobalSection
	GlobalSection(SolutionProperties) = preSolution
		HideSolutionNode = FALSE
	EndGlobalSection
	GlobalSection(ExtensibilityGlobals) = postSolution
		SolutionGuid = {86712467-AD3C-496E-9F32-E666EC0EB046}
	EndGlobalSection
EndGlobal
